github.com/GabiHert/pesquisai-database-lib v0.0.0-20240411172138-93c828988fa4 h1:DWmCa7d42w6d9yY127cDswNH0UGnEgg2xve+tA5VFwU=
github.com/GabiHert/pesquisai-database-lib v0.0.0-20240411172138-93c828988fa4/go.mod h1:EJqxeb69lJfUbS+wb4SF7RmSGq+7F0GxMFNMGunhaRw=
github.com/GabiHert/pesquisai-database-lib v0.1.0 h1:2qsYv9601cl2NO1MVyMf/HUGpYVqKbYoDVh9Ko3HXyo=
github.com/GabiHert/pesquisai-database-lib v0.1.0/go.mod h1:EJqxeb69lJfUbS+wb4SF7RmSGq+7F0GxMFNMGunhaRw=
github.com/GabiHert/pesquisai-database-lib v0.1.1/go.mod h1:EJqxeb69lJfUbS+wb4SF7RmSGq+7F0GxMFNMGunhaRw=
